{
  "name": "docviewkit-website",
  "version": "0.1.1",
  "lockfileVersion": 3,
  "requires": true,
  "packages": {
    "": {
      "name": "docviewkit-website",
      "version": "0.1.1",
      "license": "Apache-2.0",
      "dependencies": {
        "@docviewkit/viewer": "0.2.76"
      },
      "devDependencies": {
        "playwright-core": "1.61.1"
      },
      "engines": {
        "node": ">=22.5"
      }
    },
    "node_modules/@docviewkit/viewer": {
      "version": "0.2.76",
      "resolved": "https://registry.npmjs.org/@docviewkit/viewer/-/viewer-0.2.76.tgz",
      "integrity": "sha512-DOKSj9AUX41d21A+5e73OZ+edFybN13bwdpyQ1dCu97W1+xf5YV1M5InTCBO7qlbE/Fx6BkXYpiKUbkW8Je4Ww==",
      "license": "Apache-2.0",
      "engines": {
        "node": ">=20"
      }
    },
    "node_modules/playwright-core": {
      "version": "1.61.1",
      "resolved": "https://registry.npmjs.org/playwright-core/-/playwright-core-1.61.1.tgz",
      "integrity": "sha512-h7Qlt6m4REp25qvIdvbDtVmD4LqVXfpRxhORv9L0jzETM05p4fuPJ3dKyuSXQxDSbXnmS79HAgi9589lGSpLkg==",
      "dev": true,
      "license": "Apache-2.0",
      "bin": {
        "playwright-core": "cli.js"
      },
      "engines": {
        "node": ">=18"
      }
    }
  }
}
