{
  "name": "docviewkit-website",
  "version": "0.1.0",
  "lockfileVersion": 3,
  "requires": true,
  "packages": {
    "": {
      "name": "docviewkit-website",
      "version": "0.1.0",
      "license": "Apache-2.0",
      "dependencies": {
        "@docviewkit/viewer": "0.2.75"
      },
      "devDependencies": {
        "playwright-core": "1.61.1"
      },
      "engines": {
        "node": ">=22.5"
      }
    },
    "node_modules/@docviewkit/viewer": {
      "version": "0.2.75",
      "resolved": "https://registry.npmjs.org/@docviewkit/viewer/-/viewer-0.2.75.tgz",
      "integrity": "sha512-cOfD+iR+7/7ZWAn8MdjZWT0Sm73yU9Lsw4rihX+bf+wnKlv5Cnjs/YdTSEwchzCfBVVWzEMQ3PFUAO0KP4oKiQ==",
      "license": "Apache-2.0",
      "engines": {
        "node": ">=20"
      }
    },
    "node_modules/playwright-core": {
      "version": "1.61.1",
      "resolved": "https://registry.npmjs.org/playwright-core/-/playwright-core-1.61.1.tgz",
      "integrity": "sha512-h7Qlt6m4REp25qvIdvbDtVmD4LqVXfpRxhORv9L0jzETM05p4fuPJ3dKyuSXQxDSbXnmS79HAgi9589lGSpLkg==",
      "dev": true,
      "license": "Apache-2.0",
      "bin": {
        "playwright-core": "cli.js"
      },
      "engines": {
        "node": ">=18"
      }
    }
  }
}
